// !$*UTF8*$!
{
	archiveVersion = 1;
	classes = {
	};
	objectVersion = 50;
	objects = {

/* Begin PBXBuildFile section */
		A0138AF121FDCAAE003153B3 /* AppDelegate.swift in Sources */ = {isa = PBXBuildFile; fileRef = A0138AF021FDCAAE003153B3 /* AppDelegate.swift */; };
		A0138AF321FDCAAE003153B3 /* ViewController.swift in Sources */ = {isa = PBXBuildFile; fileRef = A0138AF221FDCAAE003153B3 /* ViewController.swift */; };
		A0138AF621FDCAAE003153B3 /* Main.storyboard in Resources */ = {isa = PBXBuildFile; fileRef = A0138AF421FDCAAE003153B3 /* Main.storyboard */; };
		A0138AF821FDCAB0003153B3 /* Assets.xcassets in Resources */ = {isa = PBXBuildFile; fileRef = A0138AF721FDCAB0003153B3 /* Assets.xcassets */; };
		A0138AFB21FDCAB0003153B3 /* LaunchScreen.storyboard in Resources */ = {isa = PBXBuildFile; fileRef = A0138AF921FDCAB0003153B3 /* LaunchScreen.storyboard */; };
		A0138B0421FDCBB4003153B3 /* SidePaneViewController copy.swift in Sources */ = {isa = PBXBuildFile; fileRef = A0138B0221FDCBB4003153B3 /* SidePaneViewController copy.swift */; };
		A0138B0521FDCBB4003153B3 /* MatricViewController copy.swift in Sources */ = {isa = PBXBuildFile; fileRef = A0138B0321FDCBB4003153B3 /* MatricViewController copy.swift */; };
		A0138B0721FDCC14003153B3 /* DetailViewController copy.swift in Sources */ = {isa = PBXBuildFile; fileRef = A0138B0621FDCC14003153B3 /* DetailViewController copy.swift */; };
		A0B194B621FDCEA4006C690A /* basicBarChart.swift in Sources */ = {isa = PBXBuildFile; fileRef = A0B194B521FDCEA4006C690A /* basicBarChart.swift */; };
		A0B194B821FDCF00006C690A /* BarEntry.swift in Sources */ = {isa = PBXBuildFile; fileRef = A0B194B721FDCF00006C690A /* BarEntry.swift */; };
		A0B194D821FDDF87006C690A /* GoogleService-Info.plist in Resources */ = {isa = PBXBuildFile; fileRef = A0B194D721FDDF87006C690A /* GoogleService-Info.plist */; };
		A0B194DB21FDE211006C690A /* RecipeViewController.swift in Sources */ = {isa = PBXBuildFile; fileRef = A0B194DA21FDE211006C690A /* RecipeViewController.swift */; };
		B96913CE8372FA5DFDA6F879 /* Pods_SmartFridgeFinal.framework in Frameworks */ = {isa = PBXBuildFile; fileRef = 5603A54232880D70BA0BB6D1 /* Pods_SmartFridgeFinal.framework */; };
/* End PBXBuildFile section */

/* Begin PBXFileReference section */
		34694F8F94D042C89F4EB9EE /* Pods-SmartFridgeFinal.release.xcconfig */ = {isa = PBXFileReference; includeInIndex = 1; lastKnownFileType = text.xcconfig; name = "Pods-SmartFridgeFinal.release.xcconfig"; path = "Pods/Target Support Files/Pods-SmartFridgeFinal/Pods-SmartFridgeFinal.release.xcconfig"; sourceTree = "<group>"; };
		3D6C66FC920C3E74CC777EB5 /* Pods-SmartFridgeFinal.debug.xcconfig */ = {isa = PBXFileReference; includeInIndex = 1; lastKnownFileType = text.xcconfig; name = "Pods-SmartFridgeFinal.debug.xcconfig"; path = "Pods/Target Support Files/Pods-SmartFridgeFinal/Pods-SmartFridgeFinal.debug.xcconfig"; sourceTree = "<group>"; };
		5603A54232880D70BA0BB6D1 /* Pods_SmartFridgeFinal.framework */ = {isa = PBXFileReference; explicitFileType = wrapper.framework; includeInIndex = 0; path = Pods_SmartFridgeFinal.framework; sourceTree = BUILT_PRODUCTS_DIR; };
		A0138AED21FDCAAE003153B3 /* SmartFridgeFinal.app */ = {isa = PBXFileReference; explicitFileType = wrapper.application; includeInIndex = 0; path = SmartFridgeFinal.app; sourceTree = BUILT_PRODUCTS_DIR; };
		A0138AF021FDCAAE003153B3 /* AppDelegate.swift */ = {isa = PBXFileReference; lastKnownFileType = sourcecode.swift; path = AppDelegate.swift; sourceTree = "<group>"; };
		A0138AF221FDCAAE003153B3 /* ViewController.swift */ = {isa = PBXFileReference; lastKnownFileType = sourcecode.swift; path = ViewController.swift; sourceTree = "<group>"; };
		A0138AF521FDCAAE003153B3 /* Base */ = {isa = PBXFileReference; lastKnownFileType = file.storyboard; name = Base; path = Base.lproj/Main.storyboard; sourceTree = "<group>"; };
		A0138AF721FDCAB0003153B3 /* Assets.xcassets */ = {isa = PBXFileReference; lastKnownFileType = folder.assetcatalog; path = Assets.xcassets; sourceTree = "<group>"; };
		A0138AFA21FDCAB0003153B3 /* Base */ = {isa = PBXFileReference; lastKnownFileType = file.storyboard; name = Base; path = Base.lproj/LaunchScreen.storyboard; sourceTree = "<group>"; };
		A0138AFC21FDCAB0003153B3 /* Info.plist */ = {isa = PBXFileReference; lastKnownFileType = text.plist.xml; path = Info.plist; sourceTree = "<group>"; };
		A0138B0221FDCBB4003153B3 /* SidePaneViewController copy.swift */ = {isa = PBXFileReference; fileEncoding = 4; lastKnownFileType = sourcecode.swift; path = "SidePaneViewController copy.swift"; sourceTree = "<group>"; };
		A0138B0321FDCBB4003153B3 /* MatricViewController copy.swift */ = {isa = PBXFileReference; fileEncoding = 4; lastKnownFileType = sourcecode.swift; path = "MatricViewController copy.swift"; sourceTree = "<group>"; };
		A0138B0621FDCC14003153B3 /* DetailViewController copy.swift */ = {isa = PBXFileReference; fileEncoding = 4; lastKnownFileType = sourcecode.swift; path = "DetailViewController copy.swift"; sourceTree = "<group>"; };
		A0B194B521FDCEA4006C690A /* basicBarChart.swift */ = {isa = PBXFileReference; lastKnownFileType = sourcecode.swift; path = basicBarChart.swift; sourceTree = "<group>"; };
		A0B194B721FDCF00006C690A /* BarEntry.swift */ = {isa = PBXFileReference; lastKnownFileType = sourcecode.swift; path = BarEntry.swift; sourceTree = "<group>"; };
		A0B194D721FDDF87006C690A /* GoogleService-Info.plist */ = {isa = PBXFileReference; fileEncoding = 4; lastKnownFileType = text.plist.xml; path = "GoogleService-Info.plist"; sourceTree = "<group>"; };
		A0B194D921FDE12F006C690A /* SmartFridgeFinal.entitlements */ = {isa = PBXFileReference; lastKnownFileType = text.plist.entitlements; path = SmartFridgeFinal.entitlements; sourceTree = "<group>"; };
		A0B194DA21FDE211006C690A /* RecipeViewController.swift */ = {isa = PBXFileReference; lastKnownFileType = sourcecode.swift; path = RecipeViewController.swift; sourceTree = "<group>"; };
/* End PBXFileReference section */

/* Begin PBXFrameworksBuildPhase section */
		A0138AEA21FDCAAE003153B3 /* Frameworks */ = {
			isa = PBXFrameworksBuildPhase;
			buildActionMask = 2147483647;
			files = (
				B96913CE8372FA5DFDA6F879 /* Pods_SmartFridgeFinal.framework in Frameworks */,
			);
			runOnlyForDeploymentPostprocessing = 0;
		};
/* End PBXFrameworksBuildPhase section */

/* Begin PBXGroup section */
		2C01050FAF5D577757CB74B2 /* Frameworks */ = {
			isa = PBXGroup;
			children = (
				5603A54232880D70BA0BB6D1 /* Pods_SmartFridgeFinal.framework */,
			);
			name = Frameworks;
			sourceTree = "<group>";
		};
		9F4EC8A175C75E5C6C361977 /* Pods */ = {
			isa = PBXGroup;
			children = (
				3D6C66FC920C3E74CC777EB5 /* Pods-SmartFridgeFinal.debug.xcconfig */,
				34694F8F94D042C89F4EB9EE /* Pods-SmartFridgeFinal.release.xcconfig */,
			);
			name = Pods;
			sourceTree = "<group>";
		};
		A0138AE421FDCAAE003153B3 = {
			isa = PBXGroup;
			children = (
				A0138AEF21FDCAAE003153B3 /* SmartFridgeFinal */,
				A0138AEE21FDCAAE003153B3 /* Products */,
				9F4EC8A175C75E5C6C361977 /* Pods */,
				2C01050FAF5D577757CB74B2 /* Frameworks */,
			);
			sourceTree = "<group>";
		};
		A0138AEE21FDCAAE003153B3 /* Products */ = {
			isa = PBXGroup;
			children = (
				A0138AED21FDCAAE003153B3 /* SmartFridgeFinal.app */,
			);
			name = Products;
			sourceTree = "<group>";
		};
		A0138AEF21FDCAAE003153B3 /* SmartFridgeFinal */ = {
			isa = PBXGroup;
			children = (
				A0B194D921FDE12F006C690A /* SmartFridgeFinal.entitlements */,
				A0138B0221FDCBB4003153B3 /* SidePaneViewController copy.swift */,
				A0138B0321FDCBB4003153B3 /* MatricViewController copy.swift */,
				A0138B0621FDCC14003153B3 /* DetailViewController copy.swift */,
				A0138AF021FDCAAE003153B3 /* AppDelegate.swift */,
				A0B194B521FDCEA4006C690A /* basicBarChart.swift */,
				A0138AF221FDCAAE003153B3 /* ViewController.swift */,
				A0B194DA21FDE211006C690A /* RecipeViewController.swift */,
				A0138AF421FDCAAE003153B3 /* Main.storyboard */,
				A0B194B721FDCF00006C690A /* BarEntry.swift */,
				A0138AF721FDCAB0003153B3 /* Assets.xcassets */,
				A0138AF921FDCAB0003153B3 /* LaunchScreen.storyboard */,
				A0138AFC21FDCAB0003153B3 /* Info.plist */,
				A0B194D721FDDF87006C690A /* GoogleService-Info.plist */,
			);
			path = SmartFridgeFinal;
			sourceTree = "<group>";
		};
/* End PBXGroup section */

/* Begin PBXNativeTarget section */
		A0138AEC21FDCAAE003153B3 /* SmartFridgeFinal */ = {
			isa = PBXNativeTarget;
			buildConfigurationList = A0138AFF21FDCAB0003153B3 /* Build configuration list for PBXNativeTarget "SmartFridgeFinal" */;
			buildPhases = (
				09A189BF26C1938616BB92FE /* [CP] Check Pods Manifest.lock */,
				A0138AE921FDCAAE003153B3 /* Sources */,
				A0138AEA21FDCAAE003153B3 /* Frameworks */,
				A0138AEB21FDCAAE003153B3 /* Resources */,
				DE5D70BB267AC91E75D7B855 /* [CP] Embed Pods Frameworks */,
				C90D0859442F7C7A75529782 /* [CP] Copy Pods Resources */,
			);
			buildRules = (
			);
			dependencies = (
			);
			name = SmartFridgeFinal;
			productName = SmartFridgeFinal;
			productReference = A0138AED21FDCAAE003153B3 /* SmartFridgeFinal.app */;
			productType = "com.apple.product-type.application";
		};
/* End PBXNativeTarget section */

/* Begin PBXProject section */
		A0138AE521FDCAAE003153B3 /* Project object */ = {
			isa = PBXProject;
			attributes = {
				LastSwiftUpdateCheck = 1010;
				LastUpgradeCheck = 1010;
				ORGANIZATIONNAME = "Mannan Mendiratta";
				TargetAttributes = {
					A0138AEC21FDCAAE003153B3 = {
						CreatedOnToolsVersion = 10.1;
						SystemCapabilities = {
							com.apple.DataProtection = {
								enabled = 1;
							};
							com.apple.Keychain = {
								enabled = 1;
							};
						};
					};
				};
			};
			buildConfigurationList = A0138AE821FDCAAE003153B3 /* Build configuration list for PBXProject "SmartFridgeFinal" */;
			compatibilityVersion = "Xcode 9.3";
			developmentRegion = en;
			hasScannedForEncodings = 0;
			knownRegions = (
				en,
				Base,
			);
			mainGroup = A0138AE421FDCAAE003153B3;
			productRefGroup = A0138AEE21FDCAAE003153B3 /* Products */;
			projectDirPath = "";
			projectRoot = "";
			targets = (
				A0138AEC21FDCAAE003153B3 /* SmartFridgeFinal */,
			);
		};
/* End PBXProject section */

/* Begin PBXResourcesBuildPhase section */
		A0138AEB21FDCAAE003153B3 /* Resources */ = {
			isa = PBXResourcesBuildPhase;
			buildActionMask = 2147483647;
			files = (
				A0138AFB21FDCAB0003153B3 /* LaunchScreen.storyboard in Resources */,
				A0B194D821FDDF87006C690A /* GoogleService-Info.plist in Resources */,
				A0138AF821FDCAB0003153B3 /* Assets.xcassets in Resources */,
				A0138AF621FDCAAE003153B3 /* Main.storyboard in Resources */,
			);
			runOnlyForDeploymentPostprocessing = 0;
		};
/* End PBXResourcesBuildPhase section */

/* Begin PBXShellScriptBuildPhase section */
		09A189BF26C1938616BB92FE /* [CP] Check Pods Manifest.lock */ = {
			isa = PBXShellScriptBuildPhase;
			buildActionMask = 2147483647;
			files = (
			);
			inputFileListPaths = (
			);
			inputPaths = (
				"${PODS_PODFILE_DIR_PATH}/Podfile.lock",
				"${PODS_ROOT}/Manifest.lock",
			);
			name = "[CP] Check Pods Manifest.lock";
			outputFileListPaths = (
			);
			outputPaths = (
				"$(DERIVED_FILE_DIR)/Pods-SmartFridgeFinal-checkManifestLockResult.txt",
			);
			runOnlyForDeploymentPostprocessing = 0;
			shellPath = /bin/sh;
			shellScript = "diff \"${SRCROOT}/Podfile.lock\" \"${SRCROOT}/Pods/Manifest.lock\" > /dev/null\nif [ $? != 0 ] ; then\n    # print error to STDERR\n    echo \"error: The sandbox is not in sync with the Podfile.lock. Run 'pod install' or update your CocoaPods installation.\" >&2\n    exit 1\nfi\n# This output is used by Xcode 'outputs' to avoid re-running this script phase.\necho \"SUCCESS\" > \"${SCRIPT_OUTPUT_FILE_0}\"\n";
			showEnvVarsInLog = 0;
		};
		C90D0859442F7C7A75529782 /* [CP] Copy Pods Resources */ = {
			isa = PBXShellScriptBuildPhase;
			buildActionMask = 2147483647;
			files = (
			);
			inputFileListPaths = (
			);
			inputPaths = (
				"${SRCROOT}/Pods/Target Support Files/Pods-SmartFridgeFinal/Pods-SmartFridgeFinal-resources.sh",
				"${PODS_CONFIGURATION_BUILD_DIR}/FirebaseUI/FirebaseAnonymousAuthUI.bundle",
				"${PODS_CONFIGURATION_BUILD_DIR}/FirebaseUI/FirebaseAuthUI.bundle",
				"${PODS_CONFIGURATION_BUILD_DIR}/FirebaseUI/FirebaseFacebookAuthUI.bundle",
				"${PODS_CONFIGURATION_BUILD_DIR}/FirebaseUI/FirebaseGoogleAuthUI.bundle",
				"${PODS_CONFIGURATION_BUILD_DIR}/FirebaseUI/FirebasePhoneAuthUI.bundle",
				"${PODS_CONFIGURATION_BUILD_DIR}/FirebaseUI/FirebaseTwitterAuthUI.bundle",
				"${PODS_ROOT}/GoogleSignIn/Resources/GoogleSignIn.bundle",
				"${PODS_ROOT}/TwitterKit/iOS/TwitterKit.framework/TwitterKitResources.bundle",
			);
			name = "[CP] Copy Pods Resources";
			outputFileListPaths = (
			);
			outputPaths = (
				"${TARGET_BUILD_DIR}/${UNLOCALIZED_RESOURCES_FOLDER_PATH}/FirebaseAnonymousAuthUI.bundle",
				"${TARGET_BUILD_DIR}/${UNLOCALIZED_RESOURCES_FOLDER_PATH}/FirebaseAuthUI.bundle",
				"${TARGET_BUILD_DIR}/${UNLOCALIZED_RESOURCES_FOLDER_PATH}/FirebaseFacebookAuthUI.bundle",
				"${TARGET_BUILD_DIR}/${UNLOCALIZED_RESOURCES_FOLDER_PATH}/FirebaseGoogleAuthUI.bundle",
				"${TARGET_BUILD_DIR}/${UNLOCALIZED_RESOURCES_FOLDER_PATH}/FirebasePhoneAuthUI.bundle",
				"${TARGET_BUILD_DIR}/${UNLOCALIZED_RESOURCES_FOLDER_PATH}/FirebaseTwitterAuthUI.bundle",
				"${TARGET_BUILD_DIR}/${UNLOCALIZED_RESOURCES_FOLDER_PATH}/GoogleSignIn.bundle",
				"${TARGET_BUILD_DIR}/${UNLOCALIZED_RESOURCES_FOLDER_PATH}/TwitterKitResources.bundle",
			);
			runOnlyForDeploymentPostprocessing = 0;
			shellPath = /bin/sh;
			shellScript = "\"${SRCROOT}/Pods/Target Support Files/Pods-SmartFridgeFinal/Pods-SmartFridgeFinal-resources.sh\"\n";
			showEnvVarsInLog = 0;
		};
		DE5D70BB267AC91E75D7B855 /* [CP] Embed Pods Frameworks */ = {
			isa = PBXShellScriptBuildPhase;
			buildActionMask = 2147483647;
			files = (
			);
			inputFileListPaths = (
			);
			inputPaths = (
				"${SRCROOT}/Pods/Target Support Files/Pods-SmartFridgeFinal/Pods-SmartFridgeFinal-frameworks.sh",
				"${BUILT_PRODUCTS_DIR}/Bolts/Bolts.framework",
				"${BUILT_PRODUCTS_DIR}/BoringSSL-GRPC/openssl_grpc.framework",
				"${BUILT_PRODUCTS_DIR}/FBSDKCoreKit/FBSDKCoreKit.framework",
				"${BUILT_PRODUCTS_DIR}/FBSDKLoginKit/FBSDKLoginKit.framework",
				"${BUILT_PRODUCTS_DIR}/GTMSessionFetcher/GTMSessionFetcher.framework",
				"${BUILT_PRODUCTS_DIR}/GoogleToolboxForMac/GoogleToolboxForMac.framework",
				"${BUILT_PRODUCTS_DIR}/GoogleUtilities/GoogleUtilities.framework",
				"${BUILT_PRODUCTS_DIR}/Protobuf/Protobuf.framework",
				"${BUILT_PRODUCTS_DIR}/SDWebImage/SDWebImage.framework",
				"${PODS_ROOT}/TwitterCore/iOS/TwitterCore.framework",
				"${PODS_ROOT}/TwitterKit/iOS/TwitterKit.framework",
				"${BUILT_PRODUCTS_DIR}/gRPC-C++/grpcpp.framework",
				"${BUILT_PRODUCTS_DIR}/gRPC-Core/grpc.framework",
				"${BUILT_PRODUCTS_DIR}/leveldb-library/leveldb.framework",
				"${BUILT_PRODUCTS_DIR}/nanopb/nanopb.framework",
			);
			name = "[CP] Embed Pods Frameworks";
			outputFileListPaths = (
			);
			outputPaths = (
				"${TARGET_BUILD_DIR}/${FRAMEWORKS_FOLDER_PATH}/Bolts.framework",
				"${TARGET_BUILD_DIR}/${FRAMEWORKS_FOLDER_PATH}/openssl_grpc.framework",
				"${TARGET_BUILD_DIR}/${FRAMEWORKS_FOLDER_PATH}/FBSDKCoreKit.framework",
				"${TARGET_BUILD_DIR}/${FRAMEWORKS_FOLDER_PATH}/FBSDKLoginKit.framework",
				"${TARGET_BUILD_DIR}/${FRAMEWORKS_FOLDER_PATH}/GTMSessionFetcher.framework",
				"${TARGET_BUILD_DIR}/${FRAMEWORKS_FOLDER_PATH}/GoogleToolboxForMac.framework",
				"${TARGET_BUILD_DIR}/${FRAMEWORKS_FOLDER_PATH}/GoogleUtilities.framework",
				"${TARGET_BUILD_DIR}/${FRAMEWORKS_FOLDER_PATH}/Protobuf.framework",
				"${TARGET_BUILD_DIR}/${FRAMEWORKS_FOLDER_PATH}/SDWebImage.framework",
				"${TARGET_BUILD_DIR}/${FRAMEWORKS_FOLDER_PATH}/TwitterCore.framework",
				"${TARGET_BUILD_DIR}/${FRAMEWORKS_FOLDER_PATH}/TwitterKit.framework",
				"${TARGET_BUILD_DIR}/${FRAMEWORKS_FOLDER_PATH}/grpcpp.framework",
				"${TARGET_BUILD_DIR}/${FRAMEWORKS_FOLDER_PATH}/grpc.framework",
				"${TARGET_BUILD_DIR}/${FRAMEWORKS_FOLDER_PATH}/leveldb.framework",
				"${TARGET_BUILD_DIR}/${FRAMEWORKS_FOLDER_PATH}/nanopb.framework",
			);
			runOnlyForDeploymentPostprocessing = 0;
			shellPath = /bin/sh;
			shellScript = "\"${SRCROOT}/Pods/Target Support Files/Pods-SmartFridgeFinal/Pods-SmartFridgeFinal-frameworks.sh\"\n";
			showEnvVarsInLog = 0;
		};
/* End PBXShellScriptBuildPhase section */

/* Begin PBXSourcesBuildPhase section */
		A0138AE921FDCAAE003153B3 /* Sources */ = {
			isa = PBXSourcesBuildPhase;
			buildActionMask = 2147483647;
			files = (
				A0138B0521FDCBB4003153B3 /* MatricViewController copy.swift in Sources */,
				A0138B0721FDCC14003153B3 /* DetailViewController copy.swift in Sources */,
				A0138AF321FDCAAE003153B3 /* ViewController.swift in Sources */,
				A0B194B821FDCF00006C690A /* BarEntry.swift in Sources */,
				A0B194DB21FDE211006C690A /* RecipeViewController.swift in Sources */,
				A0B194B621FDCEA4006C690A /* basicBarChart.swift in Sources */,
				A0138AF121FDCAAE003153B3 /* AppDelegate.swift in Sources */,
				A0138B0421FDCBB4003153B3 /* SidePaneViewController copy.swift in Sources */,
			);
			runOnlyForDeploymentPostprocessing = 0;
		};
/* End PBXSourcesBuildPhase section */

/* Begin PBXVariantGroup section */
		A0138AF421FDCAAE003153B3 /* Main.storyboard */ = {
			isa = PBXVariantGroup;
			children = (
				A0138AF521FDCAAE003153B3 /* Base */,
			);
			name = Main.storyboard;
			sourceTree = "<group>";
		};
		A0138AF921FDCAB0003153B3 /* LaunchScreen.storyboard */ = {
			isa = PBXVariantGroup;
			children = (
				A0138AFA21FDCAB0003153B3 /* Base */,
			);
			name = LaunchScreen.storyboard;
			sourceTree = "<group>";
		};
/* End PBXVariantGroup section */

/* Begin XCBuildConfiguration section */
		A0138AFD21FDCAB0003153B3 /* Debug */ = {
			isa = XCBuildConfiguration;
			buildSettings = {
				ALWAYS_SEARCH_USER_PATHS = NO;
				CLANG_ANALYZER_NONNULL = YES;
				CLANG_ANALYZER_NUMBER_OBJECT_CONVERSION = YES_AGGRESSIVE;
				CLANG_CXX_LANGUAGE_STANDARD = "gnu++14";
				CLANG_CXX_LIBRARY = "libc++";
				CLANG_ENABLE_MODULES = YES;
				CLANG_ENABLE_OBJC_ARC = YES;
				CLANG_ENABLE_OBJC_WEAK = YES;
				CLANG_WARN_BLOCK_CAPTURE_AUTORELEASING = YES;
				CLANG_WARN_BOOL_CONVERSION = YES;
				CLANG_WARN_COMMA = YES;
				CLANG_WARN_CONSTANT_CONVERSION = YES;
				CLANG_WARN_DEPRECATED_OBJC_IMPLEMENTATIONS = YES;
				CLANG_WARN_DIRECT_OBJC_ISA_USAGE = YES_ERROR;
				CLANG_WARN_DOCUMENTATION_COMMENTS = YES;
				CLANG_WARN_EMPTY_BODY = YES;
				CLANG_WARN_ENUM_CONVERSION = YES;
				CLANG_WARN_INFINITE_RECURSION = YES;
				CLANG_WARN_INT_CONVERSION = YES;
				CLANG_WARN_NON_LITERAL_NULL_CONVERSION = YES;
				CLANG_WARN_OBJC_IMPLICIT_RETAIN_SELF = YES;
				CLANG_WARN_OBJC_LITERAL_CONVERSION = YES;
				CLANG_WARN_OBJC_ROOT_CLASS = YES_ERROR;
				CLANG_WARN_RANGE_LOOP_ANALYSIS = YES;
				CLANG_WARN_STRICT_PROTOTYPES = YES;
				CLANG_WARN_SUSPICIOUS_MOVE = YES;
				CLANG_WARN_UNGUARDED_AVAILABILITY = YES_AGGRESSIVE;
				CLANG_WARN_UNREACHABLE_CODE = YES;
				CLANG_WARN__DUPLICATE_METHOD_MATCH = YES;
				CODE_SIGN_IDENTITY = "iPhone Developer";
				COPY_PHASE_STRIP = NO;
				DEBUG_INFORMATION_FORMAT = dwarf;
				ENABLE_STRICT_OBJC_MSGSEND = YES;
				ENABLE_TESTABILITY = YES;
				GCC_C_LANGUAGE_STANDARD = gnu11;
				GCC_DYNAMIC_NO_PIC = NO;
				GCC_NO_COMMON_BLOCKS = YES;
				GCC_OPTIMIZATION_LEVEL = 0;
				GCC_PREPROCESSOR_DEFINITIONS = (
					"DEBUG=1",
					"$(inherited)",
				);
				GCC_WARN_64_TO_32_BIT_CONVERSION = YES;
				GCC_WARN_ABOUT_RETURN_TYPE = YES_ERROR;
				GCC_WARN_UNDECLARED_SELECTOR = YES;
				GCC_WARN_UNINITIALIZED_AUTOS = YES_AGGRESSIVE;
				GCC_WARN_UNUSED_FUNCTION = YES;
				GCC_WARN_UNUSED_VARIABLE = YES;
				IPHONEOS_DEPLOYMENT_TARGET = 12.1;
				MTL_ENABLE_DEBUG_INFO = INCLUDE_SOURCE;
				MTL_FAST_MATH = YES;
				ONLY_ACTIVE_ARCH = YES;
				SDKROOT = iphoneos;
				SWIFT_ACTIVE_COMPILATION_CONDITIONS = DEBUG;
				SWIFT_OPTIMIZATION_LEVEL = "-Onone";
			};
			name = Debug;
		};
		A0138AFE21FDCAB0003153B3 /* Release */ = {
			isa = XCBuildConfiguration;
			buildSettings = {
				ALWAYS_SEARCH_USER_PATHS = NO;
				CLANG_ANALYZER_NONNULL = YES;
				CLANG_ANALYZER_NUMBER_OBJECT_CONVERSION = YES_AGGRESSIVE;
				CLANG_CXX_LANGUAGE_STANDARD = "gnu++14";
				CLANG_CXX_LIBRARY = "libc++";
				CLANG_ENABLE_MODULES = YES;
				CLANG_ENABLE_OBJC_ARC = YES;
				CLANG_ENABLE_OBJC_WEAK = YES;
				CLANG_WARN_BLOCK_CAPTURE_AUTORELEASING = YES;
				CLANG_WARN_BOOL_CONVERSION = YES;
				CLANG_WARN_COMMA = YES;
				CLANG_WARN_CONSTANT_CONVERSION = YES;
				CLANG_WARN_DEPRECATED_OBJC_IMPLEMENTATIONS = YES;
				CLANG_WARN_DIRECT_OBJC_ISA_USAGE = YES_ERROR;
				CLANG_WARN_DOCUMENTATION_COMMENTS = YES;
				CLANG_WARN_EMPTY_BODY = YES;
				CLANG_WARN_ENUM_CONVERSION = YES;
				CLANG_WARN_INFINITE_RECURSION = YES;
				CLANG_WARN_INT_CONVERSION = YES;
				CLANG_WARN_NON_LITERAL_NULL_CONVERSION = YES;
				CLANG_WARN_OBJC_IMPLICIT_RETAIN_SELF = YES;
				CLANG_WARN_OBJC_LITERAL_CONVERSION = YES;
				CLANG_WARN_OBJC_ROOT_CLASS = YES_ERROR;
				CLANG_WARN_RANGE_LOOP_ANALYSIS = YES;
				CLANG_WARN_STRICT_PROTOTYPES = YES;
				CLANG_WARN_SUSPICIOUS_MOVE = YES;
				CLANG_WARN_UNGUARDED_AVAILABILITY = YES_AGGRESSIVE;
				CLANG_WARN_UNREACHABLE_CODE = YES;
				CLANG_WARN__DUPLICATE_METHOD_MATCH = YES;
				CODE_SIGN_IDENTITY = "iPhone Developer";
				COPY_PHASE_STRIP = NO;
				DEBUG_INFORMATION_FORMAT = "dwarf-with-dsym";
				ENABLE_NS_ASSERTIONS = NO;
				ENABLE_STRICT_OBJC_MSGSEND = YES;
				GCC_C_LANGUAGE_STANDARD = gnu11;
				GCC_NO_COMMON_BLOCKS = YES;
				GCC_WARN_64_TO_32_BIT_CONVERSION = YES;
				GCC_WARN_ABOUT_RETURN_TYPE = YES_ERROR;
				GCC_WARN_UNDECLARED_SELECTOR = YES;
				GCC_WARN_UNINITIALIZED_AUTOS = YES_AGGRESSIVE;
				GCC_WARN_UNUSED_FUNCTION = YES;
				GCC_WARN_UNUSED_VARIABLE = YES;
				IPHONEOS_DEPLOYMENT_TARGET = 12.1;
				MTL_ENABLE_DEBUG_INFO = NO;
				MTL_FAST_MATH = YES;
				SDKROOT = iphoneos;
				SWIFT_COMPILATION_MODE = wholemodule;
				SWIFT_OPTIMIZATION_LEVEL = "-O";
				VALIDATE_PRODUCT = YES;
			};
			name = Release;
		};
		A0138B0021FDCAB0003153B3 /* Debug */ = {
			isa = XCBuildConfiguration;
			baseConfigurationReference = 3D6C66FC920C3E74CC777EB5 /* Pods-SmartFridgeFinal.debug.xcconfig */;
			buildSettings = {
				ASSETCATALOG_COMPILER_APPICON_NAME = AppIcon;
				CODE_SIGN_ENTITLEMENTS = SmartFridgeFinal/SmartFridgeFinal.entitlements;
				CODE_SIGN_STYLE = Automatic;
				DEVELOPMENT_TEAM = A2236F26DW;
				INFOPLIST_FILE = SmartFridgeFinal/Info.plist;
				LD_RUNPATH_SEARCH_PATHS = (
					"$(inherited)",
					"@executable_path/Frameworks",
				);
				PRODUCT_BUNDLE_IDENTIFIER = com.example.SmartFridgeFinal;
				PRODUCT_NAME = "$(TARGET_NAME)";
				SWIFT_VERSION = 4.2;
				TARGETED_DEVICE_FAMILY = "1,2";
			};
			name = Debug;
		};
		A0138B0121FDCAB0003153B3 /* Release */ = {
			isa = XCBuildConfiguration;
			baseConfigurationReference = 34694F8F94D042C89F4EB9EE /* Pods-SmartFridgeFinal.release.xcconfig */;
			buildSettings = {
				ASSETCATALOG_COMPILER_APPICON_NAME = AppIcon;
				CODE_SIGN_ENTITLEMENTS = SmartFridgeFinal/SmartFridgeFinal.entitlements;
				CODE_SIGN_STYLE = Automatic;
				DEVELOPMENT_TEAM = A2236F26DW;
				INFOPLIST_FILE = SmartFridgeFinal/Info.plist;
				LD_RUNPATH_SEARCH_PATHS = (
					"$(inherited)",
					"@executable_path/Frameworks",
				);
				PRODUCT_BUNDLE_IDENTIFIER = com.example.SmartFridgeFinal;
				PRODUCT_NAME = "$(TARGET_NAME)";
				SWIFT_VERSION = 4.2;
				TARGETED_DEVICE_FAMILY = "1,2";
			};
			name = Release;
		};
/* End XCBuildConfiguration section */

/* Begin XCConfigurationList section */
		A0138AE821FDCAAE003153B3 /* Build configuration list for PBXProject "SmartFridgeFinal" */ = {
			isa = XCConfigurationList;
			buildConfigurations = (
				A0138AFD21FDCAB0003153B3 /* Debug */,
				A0138AFE21FDCAB0003153B3 /* Release */,
			);
			defaultConfigurationIsVisible = 0;
			defaultConfigurationName = Release;
		};
		A0138AFF21FDCAB0003153B3 /* Build configuration list for PBXNativeTarget "SmartFridgeFinal" */ = {
			isa = XCConfigurationList;
			buildConfigurations = (
				A0138B0021FDCAB0003153B3 /* Debug */,
				A0138B0121FDCAB0003153B3 /* Release */,
			);
			defaultConfigurationIsVisible = 0;
			defaultConfigurationName = Release;
		};
/* End XCConfigurationList section */
	};
	rootObject = A0138AE521FDCAAE003153B3 /* Project object */;
}
